
Microsoft Visual Studio Solution File, Format Version 12.00
# Visual Studio Version 17
VisualStudioVersion = 17.3.32929.385
MinimumVisualStudioVersion = 10.0.40219.1
Project("{FAE04EC0-301F-11D3-BF4B-00C04F79EFBC}") = "Roblox Universe ID Finder", "Roblox Universe ID Finder\Roblox Universe ID Finder.csproj", "{7AB11C08-FFC2-4789-BA75-AC2E860352AA}"
EndProject
Global
	GlobalSection(SolutionConfigurationPlatforms) = preSolution
		Debug|Any CPU = Debug|Any CPU
		Release|Any CPU = Release|Any CPU
	EndGlobalSection
	GlobalSection(ProjectConfigurationPlatforms) = postSolution
		{7AB11C08-FFC2-4789-BA75-AC2E860352AA}.Debug|Any CPU.ActiveCfg = Debug|Any CPU
		{7AB11C08-FFC2-4789-BA75-AC2E860352AA}.Debug|Any CPU.Build.0 = Debug|Any CPU
		{7AB11C08-FFC2-4789-BA75-AC2E860352AA}.Release|Any CPU.ActiveCfg = Release|Any CPU
		{7AB11C08-FFC2-4789-BA75-AC2E860352AA}.Release|Any CPU.Build.0 = Release|Any CPU
	EndGlobalSection
	GlobalSection(SolutionProperties) = preSolution
		HideSolutionNode = FALSE
	EndGlobalSection
	GlobalSection(ExtensibilityGlobals) = postSolution
		SolutionGuid = {284D5CEE-B9A0-4843-A808-D38A43D0F468}
	EndGlobalSection
EndGlobal
